github.com/gek64/gek v0.0.0-20221115142751-a8fedf716943 h1:htWnC03uU3+WSTr6+m3V0tWDpVdIfxgROgayk0NAlLE=
github.com/gek64/gek v0.0.0-20221115142751-a8fedf716943/go.mod h1:Icq3nFB8b3Uvd5tBGwSLER1dj28bIV0kH2+oHu0Oyng=
github.com/gek64/gek v1.0.6 h1:hPTZtQ+hLCb7X31BxgkyFI7QwFbN7C0BiTqD1Imw/9Y=
github.com/gek64/gek v1.0.6/go.mod h1:oR4ILS9vCBpS/Fmo+Oj5qwxX8i7uWUOUq30IN4HAaJU=
